
Microsoft Visual Studio Solution File, Format Version 12.00
# Visual Studio Version 17
VisualStudioVersion = 17.5.33516.290
MinimumVisualStudioVersion = 10.0.40219.1
Project("{FAE04EC0-301F-11D3-BF4B-00C04F79EFBC}") = "UFCD10792", "UFCD10792\UFCD10792.csproj", "{EDCEE01F-5922-40AD-A70A-6D9B81BB6A3B}"
EndProject
Global
	GlobalSection(SolutionConfigurationPlatforms) = preSolution
		Debug|Any CPU = Debug|Any CPU
		Release|Any CPU = Release|Any CPU
	EndGlobalSection
	GlobalSection(ProjectConfigurationPlatforms) = postSolution
		{EDCEE01F-5922-40AD-A70A-6D9B81BB6A3B}.Debug|Any CPU.ActiveCfg = Debug|Any CPU
		{EDCEE01F-5922-40AD-A70A-6D9B81BB6A3B}.Debug|Any CPU.Build.0 = Debug|Any CPU
		{EDCEE01F-5922-40AD-A70A-6D9B81BB6A3B}.Release|Any CPU.ActiveCfg = Release|Any CPU
		{EDCEE01F-5922-40AD-A70A-6D9B81BB6A3B}.Release|Any CPU.Build.0 = Release|Any CPU
	EndGlobalSection
	GlobalSection(SolutionProperties) = preSolution
		HideSolutionNode = FALSE
	EndGlobalSection
	GlobalSection(ExtensibilityGlobals) = postSolution
		SolutionGuid = {9E8D504A-A8B4-4F6F-AFBA-D832669FD100}
	EndGlobalSection
EndGlobal
